
Microsoft Visual Studio Solution File, Format Version 12.00
# Visual Studio Version 16
VisualStudioVersion = 16.0.30804.86
MinimumVisualStudioVersion = 10.0.40219.1
Project("{8BC9CEB8-8B4A-11D0-8D11-00A0C91BC942}") = "UPundFunktionen", "UPundFunktionen\UPundFunktionen.vcxproj", "{8ADE78B4-55C4-43CB-BDA0-78E04A894EED}"
EndProject
Global
	GlobalSection(SolutionConfigurationPlatforms) = preSolution
		Debug|x64 = Debug|x64
		Debug|x86 = Debug|x86
		Release|x64 = Release|x64
		Release|x86 = Release|x86
	EndGlobalSection
	GlobalSection(ProjectConfigurationPlatforms) = postSolution
		{8ADE78B4-55C4-43CB-BDA0-78E04A894EED}.Debug|x64.ActiveCfg = Debug|x64
		{8ADE78B4-55C4-43CB-BDA0-78E04A894EED}.Debug|x64.Build.0 = Debug|x64
		{8ADE78B4-55C4-43CB-BDA0-78E04A894EED}.Debug|x86.ActiveCfg = Debug|Win32
		{8ADE78B4-55C4-43CB-BDA0-78E04A894EED}.Debug|x86.Build.0 = Debug|Win32
		{8ADE78B4-55C4-43CB-BDA0-78E04A894EED}.Release|x64.ActiveCfg = Release|x64
		{8ADE78B4-55C4-43CB-BDA0-78E04A894EED}.Release|x64.Build.0 = Release|x64
		{8ADE78B4-55C4-43CB-BDA0-78E04A894EED}.Release|x86.ActiveCfg = Release|Win32
		{8ADE78B4-55C4-43CB-BDA0-78E04A894EED}.Release|x86.Build.0 = Release|Win32
	EndGlobalSection
	GlobalSection(SolutionProperties) = preSolution
		HideSolutionNode = FALSE
	EndGlobalSection
	GlobalSection(ExtensibilityGlobals) = postSolution
		SolutionGuid = {6678E579-8C76-4809-A9DF-38D5D79A9C49}
	EndGlobalSection
EndGlobal
